
Microsoft Visual Studio Solution File, Format Version 10.00
# Visual Studio 2008
Project("{8BC9CEB8-8B4A-11D0-8D11-00A0C91BC942}") = "ImgPack", "ImgPack\ImgPack.vcproj", "{718C4FEC-5D6E-4FC2-8C70-FA5201771C08}"
EndProject
Global
	GlobalSection(SolutionConfigurationPlatforms) = preSolution
		Debug|Win32 = Debug|Win32
		Release|Win32 = Release|Win32
	EndGlobalSection
	GlobalSection(ProjectConfigurationPlatforms) = postSolution
		{718C4FEC-5D6E-4FC2-8C70-FA5201771C08}.Debug|Win32.ActiveCfg = Debug|Win32
		{718C4FEC-5D6E-4FC2-8C70-FA5201771C08}.Debug|Win32.Build.0 = Debug|Win32
		{718C4FEC-5D6E-4FC2-8C70-FA5201771C08}.Release|Win32.ActiveCfg = Release|Win32
		{718C4FEC-5D6E-4FC2-8C70-FA5201771C08}.Release|Win32.Build.0 = Release|Win32
	EndGlobalSection
	GlobalSection(SolutionProperties) = preSolution
		HideSolutionNode = FALSE
	EndGlobalSection
EndGlobal
